<?xml version="1.0" encoding="utf-8"?>
<Project ToolsVersion="4.0" xmlns="http://schemas.microsoft.com/developer/msbuild/2003">
  <ItemGroup>
    <Filter Include="Form Files">
      <UniqueIdentifier>{99349809-55BA-4b9d-BF79-8FDBB0286EB3}</UniqueIdentifier>
      <Extensions>ui</Extensions>
      <ParseFiles>false</ParseFiles>
    </Filter>
    <Filter Include="Form Files">
      <UniqueIdentifier>{99349809-55BA-4b9d-BF79-8FDBB0286EB3}</UniqueIdentifier>
      <Extensions>ui</Extensions>
      <ParseFiles>false</ParseFiles>
    </Filter>
    <Filter Include="Generated Files">
      <UniqueIdentifier>{71ED8ED8-ACB9-4CE9-BBE1-E00B30144E11}</UniqueIdentifier>
      <Extensions>cpp;c;cxx;moc;h;def;odl;idl;res;</Extensions>
    </Filter>
    <Filter Include="Generated Files">
      <UniqueIdentifier>{71ED8ED8-ACB9-4CE9-BBE1-E00B30144E11}</UniqueIdentifier>
      <Extensions>cpp;c;cxx;moc;h;def;odl;idl;res;</Extensions>
    </Filter>
    <Filter Include="Header Files">
      <UniqueIdentifier>{93995380-89BD-4b04-88EB-625FBE52EBFB}</UniqueIdentifier>
      <Extensions>h;hpp;hxx;hm;inl;inc;xsd</Extensions>
    </Filter>
    <Filter Include="Header Files">
      <UniqueIdentifier>{93995380-89BD-4b04-88EB-625FBE52EBFB}</UniqueIdentifier>
      <Extensions>h;hpp;hxx;hm;inl;inc;xsd</Extensions>
    </Filter>
    <Filter Include="Resource Files">
      <UniqueIdentifier>{D9D6E242-F8AF-46E4-B9FD-80ECBC20BA3E}</UniqueIdentifier>
      <Extensions>qrc;*</Extensions>
      <ParseFiles>false</ParseFiles>
    </Filter>
    <Filter Include="Resource Files">
      <UniqueIdentifier>{D9D6E242-F8AF-46E4-B9FD-80ECBC20BA3E}</UniqueIdentifier>
      <Extensions>qrc;*</Extensions>
      <ParseFiles>false</ParseFiles>
    </Filter>
    <Filter Include="Source Files">
      <UniqueIdentifier>{4FC737F1-C7A5-4376-A066-2A32D752A2FF}</UniqueIdentifier>
      <Extensions>cpp;c;cxx;def;odl;idl;hpj;bat;asm;asmx</Extensions>
    </Filter>
    <Filter Include="Source Files">
      <UniqueIdentifier>{4FC737F1-C7A5-4376-A066-2A32D752A2FF}</UniqueIdentifier>
      <Extensions>cpp;c;cxx;def;odl;idl;hpj;bat;asm;asmx</Extensions>
    </Filter>
  </ItemGroup>
  <ItemGroup>
    <ClCompile Include="additionalgui.cpp">
      <Filter>Source Files</Filter>
    </ClCompile>
    <ClCompile Include="changetexturename.cpp">
      <Filter>Source Files</Filter>
    </ClCompile>
    <ClCompile Include="..\..\..\vcglib\wrap\gui\coordinateframe.cpp">
      <Filter>Source Files</Filter>
    </ClCompile>
    <ClCompile Include="customDialog.cpp">
      <Filter>Source Files</Filter>
    </ClCompile>
    <ClCompile Include="filterScriptDialog.cpp">
      <Filter>Source Files</Filter>
    </ClCompile>
    <ClCompile Include="filterthread.cpp">
      <Filter>Source Files</Filter>
    </ClCompile>
    <ClCompile Include="glarea.cpp">
      <Filter>Source Files</Filter>
    </ClCompile>
    <ClCompile Include="glarea_setting.cpp">
      <Filter>Source Files</Filter>
    </ClCompile>
    <ClCompile Include="layerDialog.cpp">
      <Filter>Source Files</Filter>
    </ClCompile>
    <ClCompile Include="main.cpp">
      <Filter>Source Files</Filter>
    </ClCompile>
    <ClCompile Include="mainwindow_Init.cpp">
      <Filter>Source Files</Filter>
    </ClCompile>
    <ClCompile Include="mainwindow_RunTime.cpp">
      <Filter>Source Files</Filter>
    </ClCompile>
    <ClCompile Include="ml_default_decorators.cpp">
      <Filter>Source Files</Filter>
    </ClCompile>
    <ClCompile Include="ml_render_gui.cpp">
      <Filter>Source Files</Filter>
    </ClCompile>
    <ClCompile Include="ml_rendering_actions.cpp">
      <Filter>Source Files</Filter>
    </ClCompile>
    <ClCompile Include="ml_selection_buffers.cpp">
      <Filter>Source Files</Filter>
    </ClCompile>
    <ClCompile Include="ml_std_par_dialog.cpp">
      <Filter>Source Files</Filter>
    </ClCompile>
    <ClCompile Include="multiViewer_Container.cpp">
      <Filter>Source Files</Filter>
    </ClCompile>
    <ClCompile Include="plugindialog.cpp">
      <Filter>Source Files</Filter>
    </ClCompile>
    <ClCompile Include="saveSnapshotDialog.cpp">
      <Filter>Source Files</Filter>
    </ClCompile>
    <ClCompile Include="savemaskexporter.cpp">
      <Filter>Source Files</Filter>
    </ClCompile>
    <ClCompile Include="stdpardialog.cpp">
      <Filter>Source Files</Filter>
    </ClCompile>
    <ClCompile Include="..\..\..\vcglib\wrap\gui\trackball.cpp">
      <Filter>Source Files</Filter>
    </ClCompile>
    <ClCompile Include="..\..\..\vcglib\wrap\gui\trackmode.cpp">
      <Filter>Source Files</Filter>
    </ClCompile>
    <ClCompile Include="xmlgeneratorgui.cpp">
      <Filter>Source Files</Filter>
    </ClCompile>
    <ClCompile Include="xmlstdpardialog.cpp">
      <Filter>Source Files</Filter>
    </ClCompile>
  </ItemGroup>
  <ItemGroup>
    <QtMoc Include="additionalgui.h">
      <Filter>Header Files</Filter>
    </QtMoc>
    <QtMoc Include="changetexturename.h">
      <Filter>Header Files</Filter>
    </QtMoc>
    <QtMoc Include="customDialog.h">
      <Filter>Header Files</Filter>
    </QtMoc>
    <QtMoc Include="filterScriptDialog.h">
      <Filter>Header Files</Filter>
    </QtMoc>
    <QtMoc Include="filterthread.h">
      <Filter>Header Files</Filter>
    </QtMoc>
    <QtMoc Include="glarea.h">
      <Filter>Header Files</Filter>
    </QtMoc>
    <ClInclude Include="glarea_setting.h">
      <Filter>Header Files</Filter>
    </ClInclude>
    <QtMoc Include="..\common\interfaces.h">
      <Filter>Header Files</Filter>
    </QtMoc>
    <QtMoc Include="layerDialog.h">
      <Filter>Header Files</Filter>
    </QtMoc>
    <QtMoc Include="mainwindow.h">
      <Filter>Header Files</Filter>
    </QtMoc>
    <ClInclude Include="ml_default_decorators.h">
      <Filter>Header Files</Filter>
    </ClInclude>
    <QtMoc Include="ml_render_gui.h">
      <Filter>Header Files</Filter>
    </QtMoc>
    <QtMoc Include="ml_rendering_actions.h">
      <Filter>Header Files</Filter>
    </QtMoc>
    <ClInclude Include="ml_selection_buffers.h">
      <Filter>Header Files</Filter>
    </ClInclude>
    <QtMoc Include="ml_std_par_dialog.h">
      <Filter>Header Files</Filter>
    </QtMoc>
    <QtMoc Include="multiViewer_Container.h">
      <Filter>Header Files</Filter>
    </QtMoc>
    <QtMoc Include="plugindialog.h">
      <Filter>Header Files</Filter>
    </QtMoc>
    <QtMoc Include="saveSnapshotDialog.h">
      <Filter>Header Files</Filter>
    </QtMoc>
    <QtMoc Include="savemaskexporter.h">
      <Filter>Header Files</Filter>
    </QtMoc>
    <ClInclude Include="snapshotsetting.h">
      <Filter>Header Files</Filter>
    </ClInclude>
    <QtMoc Include="stdpardialog.h">
      <Filter>Header Files</Filter>
    </QtMoc>
    <ClInclude Include="..\..\..\vcglib\wrap\gui\trackball.h">
      <Filter>Header Files</Filter>
    </ClInclude>
    <ClInclude Include="..\..\..\vcglib\wrap\gui\trackmode.h">
      <Filter>Header Files</Filter>
    </ClInclude>
    <ClInclude Include="..\..\..\vcglib\wrap\gl\trimesh.h">
      <Filter>Header Files</Filter>
    </ClInclude>
    <QtMoc Include="xmlgeneratorgui.h">
      <Filter>Header Files</Filter>
    </QtMoc>
    <QtMoc Include="xmlstdpardialog.h">
      <Filter>Header Files</Filter>
    </QtMoc>
  </ItemGroup>
  <ItemGroup>
    
    
    
    
    
    
    
    
    
    
    
    
    
    
    
    
    
    
    
    
    
    
    
    
    
    
    
    
    
    
    
    
    
    
    
    
    
    
    
    
    <ClInclude Include="ui_aboutDialog.h">
      <Filter>Generated Files</Filter>
    </ClInclude>
    <ClInclude Include="ui_congratsDialog.h">
      <Filter>Generated Files</Filter>
    </ClInclude>
    <ClInclude Include="ui_customDialog.h">
      <Filter>Generated Files</Filter>
    </ClInclude>
    <ClInclude Include="ui_filterScriptDialog.h">
      <Filter>Generated Files</Filter>
    </ClInclude>
    <ClInclude Include="ui_filtercreatortab.h">
      <Filter>Generated Files</Filter>
    </ClInclude>
    <ClInclude Include="ui_filtergui.h">
      <Filter>Generated Files</Filter>
    </ClInclude>
    <ClInclude Include="ui_layerDialog.h">
      <Filter>Generated Files</Filter>
    </ClInclude>
    <ClInclude Include="ui_renametexture.h">
      <Filter>Generated Files</Filter>
    </ClInclude>
    <ClInclude Include="ui_savemaskexporter.h">
      <Filter>Generated Files</Filter>
    </ClInclude>
    <ClInclude Include="ui_savesnapshotDialog.h">
      <Filter>Generated Files</Filter>
    </ClInclude>
  </ItemGroup>
  <ItemGroup>
    <QtUic Include="ui\aboutDialog.ui">
      <Filter>Form Files</Filter>
    </QtUic>
    <QtUic Include="ui\congratsDialog.ui">
      <Filter>Form Files</Filter>
    </QtUic>
    <QtUic Include="ui\customDialog.ui">
      <Filter>Form Files</Filter>
    </QtUic>
    <QtUic Include="ui\filterScriptDialog.ui">
      <Filter>Form Files</Filter>
    </QtUic>
    <QtUic Include="ui\filtercreatortab.ui">
      <Filter>Form Files</Filter>
    </QtUic>
    <QtUic Include="ui\filtergui.ui">
      <Filter>Form Files</Filter>
    </QtUic>
    <QtUic Include="ui\layerDialog.ui">
      <Filter>Form Files</Filter>
    </QtUic>
    <QtUic Include="ui\renametexture.ui">
      <Filter>Form Files</Filter>
    </QtUic>
    <QtUic Include="ui\savemaskexporter.ui">
      <Filter>Form Files</Filter>
    </QtUic>
    <QtUic Include="ui\savesnapshotDialog.ui">
      <Filter>Form Files</Filter>
    </QtUic>
  </ItemGroup>
  <ItemGroup>
    <None Include="images\100mesh.html">
      <Filter>Resource Files</Filter>
    </None>
    <None Include="images\backlines.png">
      <Filter>Resource Files</Filter>
    </None>
    <None Include="images\bbox.png">
      <Filter>Resource Files</Filter>
    </None>
    <None Include="images\border.png">
      <Filter>Resource Files</Filter>
    </None>
    <None Include="images\dummy.png">
      <Filter>Resource Files</Filter>
    </None>
    <None Include="images\eye48.png">
      <Filter>Resource Files</Filter>
    </None>
    <None Include="images\eye_256_splash.png">
      <Filter>Resource Files</Filter>
    </None>
    <None Include="images\face_color.png">
      <Filter>Resource Files</Filter>
    </None>
    <None Include="images\facebook.gif">
      <Filter>Resource Files</Filter>
    </None>
    <None Include="images\flat.png">
      <Filter>Resource Files</Filter>
    </None>
    <None Include="images\import_mesh.png">
      <Filter>Resource Files</Filter>
    </None>
    <None Include="images\info.png">
      <Filter>Resource Files</Filter>
    </None>
    <None Include="images\layer_edit_locked.png">
      <Filter>Resource Files</Filter>
    </None>
    <None Include="images\layer_edit_unlocked.png">
      <Filter>Resource Files</Filter>
    </None>
    <None Include="images\layer_eye_close.png">
      <Filter>Resource Files</Filter>
    </None>
    <None Include="images\layer_eye_open.png">
      <Filter>Resource Files</Filter>
    </None>
    <None Include="images\layers.png">
      <Filter>Resource Files</Filter>
    </None>
    <None Include="images\lightoff.png">
      <Filter>Resource Files</Filter>
    </None>
    <None Include="images\lighton.png">
      <Filter>Resource Files</Filter>
    </None>
    <None Include="images\logo.png">
      <Filter>Resource Files</Filter>
    </None>
    <None Include="images\logo_aimatshape.png">
      <Filter>Resource Files</Filter>
    </None>
    <None Include="images\logo_epoch.png">
      <Filter>Resource Files</Filter>
    </None>
    <None Include="images\logo_epoch_2.png">
      <Filter>Resource Files</Filter>
    </None>
    <None Include="..\common\script_system\math.js">
      <Filter>Resource Files</Filter>
    </None>
    <QtRcc Include="meshlab.qrc">
      <Filter>Resource Files</Filter>
    </QtRcc>
    <None Include="images\meshlabLogo_256x256.png">
      <Filter>Resource Files</Filter>
    </None>
    <None Include="..\common\script_system\meshlabfilterXMLspecificationformat.xsd">
      <Filter>Resource Files</Filter>
    </None>
    <None Include="images\new_project.png">
      <Filter>Resource Files</Filter>
    </None>
    <None Include="images\no_edit.png">
      <Filter>Resource Files</Filter>
    </None>
    <None Include="images\ok.png">
      <Filter>Resource Files</Filter>
    </None>
    <None Include="images\onscreenHelp.txt">
      <Filter>Resource Files</Filter>
    </None>
    <None Include="images\open.png">
      <Filter>Resource Files</Filter>
    </None>
    <None Include="images\open_project.png">
      <Filter>Resource Files</Filter>
    </None>
    <None Include="images\options.png">
      <Filter>Resource Files</Filter>
    </None>
    <None Include="images\cursors\plain.png">
      <Filter>Resource Files</Filter>
    </None>
    <None Include="images\cursors\plain_pan.png">
      <Filter>Resource Files</Filter>
    </None>
    <None Include="images\cursors\plain_pick.png">
      <Filter>Resource Files</Filter>
    </None>
    <None Include="images\cursors\plain_trackball.png">
      <Filter>Resource Files</Filter>
    </None>
    <None Include="images\cursors\plain_zoom.png">
      <Filter>Resource Files</Filter>
    </None>
    <None Include="images\points.png">
      <Filter>Resource Files</Filter>
    </None>
    <None Include="images\reload.png">
      <Filter>Resource Files</Filter>
    </None>
    <None Include="images\save.png">
      <Filter>Resource Files</Filter>
    </None>
    <None Include="images\search.png">
      <Filter>Resource Files</Filter>
    </None>
    <None Include="images\selected.png">
      <Filter>Resource Files</Filter>
    </None>
    <None Include="images\smooth.png">
      <Filter>Resource Files</Filter>
    </None>
    <None Include="images\snapshot.png">
      <Filter>Resource Files</Filter>
    </None>
    <None Include="images\splitH.png">
      <Filter>Resource Files</Filter>
    </None>
    <None Include="images\splitV.png">
      <Filter>Resource Files</Filter>
    </None>
    <None Include="images\stop.png">
      <Filter>Resource Files</Filter>
    </None>
    <None Include="images\text_color.png">
      <Filter>Resource Files</Filter>
    </None>
    <None Include="images\textures.png">
      <Filter>Resource Files</Filter>
    </None>
    <None Include="images\vert_color.png">
      <Filter>Resource Files</Filter>
    </None>
    <None Include="images\view_raster.png">
      <Filter>Resource Files</Filter>
    </None>
    <None Include="images\wire.png">
      <Filter>Resource Files</Filter>
    </None>
  </ItemGroup>
  <ItemGroup>
    <ResourceCompile Include="meshlab.rc" />
  </ItemGroup>
</Project>