<?xml version="1.0" encoding="utf-8"?>
<Project ToolsVersion="4.0" xmlns="http://schemas.microsoft.com/developer/msbuild/2003">
  <ItemGroup>
    <Filter Include="Generated Files">
      <UniqueIdentifier>{71ED8ED8-ACB9-4CE9-BBE1-E00B30144E11}</UniqueIdentifier>
      <Extensions>cpp;c;cxx;moc;h;def;odl;idl;res;</Extensions>
    </Filter>
    <Filter Include="Generated Files">
      <UniqueIdentifier>{71ED8ED8-ACB9-4CE9-BBE1-E00B30144E11}</UniqueIdentifier>
      <Extensions>cpp;c;cxx;moc;h;def;odl;idl;res;</Extensions>
    </Filter>
    <Filter Include="Header Files">
      <UniqueIdentifier>{93995380-89BD-4b04-88EB-625FBE52EBFB}</UniqueIdentifier>
      <Extensions>h;hpp;hxx;hm;inl;inc;xsd</Extensions>
    </Filter>
    <Filter Include="Header Files">
      <UniqueIdentifier>{93995380-89BD-4b04-88EB-625FBE52EBFB}</UniqueIdentifier>
      <Extensions>h;hpp;hxx;hm;inl;inc;xsd</Extensions>
    </Filter>
    <Filter Include="Source Files">
      <UniqueIdentifier>{4FC737F1-C7A5-4376-A066-2A32D752A2FF}</UniqueIdentifier>
      <Extensions>cpp;c;cxx;def;odl;idl;hpj;bat;asm;asmx</Extensions>
    </Filter>
    <Filter Include="Source Files">
      <UniqueIdentifier>{4FC737F1-C7A5-4376-A066-2A32D752A2FF}</UniqueIdentifier>
      <Extensions>cpp;c;cxx;def;odl;idl;hpj;bat;asm;asmx</Extensions>
    </Filter>
  </ItemGroup>
  <ItemGroup>
    <ClCompile Include="alignset.cpp">
      <Filter>Source Files</Filter>
    </ClCompile>
    <ClCompile Include="filter_mutualglobal.cpp">
      <Filter>Source Files</Filter>
    </ClCompile>
    <ClCompile Include="levmarmethods.cpp">
      <Filter>Source Files</Filter>
    </ClCompile>
    <ClCompile Include="mutual.cpp">
      <Filter>Source Files</Filter>
    </ClCompile>
    <ClCompile Include="parameters.cpp">
      <Filter>Source Files</Filter>
    </ClCompile>
    <ClCompile Include="pointCorrespondence.cpp">
      <Filter>Source Files</Filter>
    </ClCompile>
    <ClCompile Include="solver.cpp">
      <Filter>Source Files</Filter>
    </ClCompile>
  </ItemGroup>
  <ItemGroup>
    <ClInclude Include="alignset.h">
      <Filter>Header Files</Filter>
    </ClInclude>
    <QtMoc Include="filter_mutualglobal.h">
      <Filter>Header Files</Filter>
    </QtMoc>
    <ClInclude Include="levmarmethods.h">
      <Filter>Header Files</Filter>
    </ClInclude>
    <ClInclude Include="mutual.h">
      <Filter>Header Files</Filter>
    </ClInclude>
    <ClInclude Include="parameters.h">
      <Filter>Header Files</Filter>
    </ClInclude>
    <ClInclude Include="pointCorrespondence.h">
      <Filter>Header Files</Filter>
    </ClInclude>
    <ClInclude Include="pointOnLayer.h">
      <Filter>Header Files</Filter>
    </ClInclude>
    <ClInclude Include="shutils.h">
      <Filter>Header Files</Filter>
    </ClInclude>
    <ClInclude Include="solver.h">
      <Filter>Header Files</Filter>
    </ClInclude>
  </ItemGroup>
  <ItemGroup>
    
    
  </ItemGroup>
</Project>