<?xml version="1.0" encoding="utf-8"?>
<Project ToolsVersion="4.0" xmlns="http://schemas.microsoft.com/developer/msbuild/2003">
  <ItemGroup>
    <Filter Include="Form Files">
      <UniqueIdentifier>{99349809-55BA-4b9d-BF79-8FDBB0286EB3}</UniqueIdentifier>
      <Extensions>ui</Extensions>
      <ParseFiles>false</ParseFiles>
    </Filter>
    <Filter Include="Form Files">
      <UniqueIdentifier>{99349809-55BA-4b9d-BF79-8FDBB0286EB3}</UniqueIdentifier>
      <Extensions>ui</Extensions>
      <ParseFiles>false</ParseFiles>
    </Filter>
    <Filter Include="Generated Files">
      <UniqueIdentifier>{71ED8ED8-ACB9-4CE9-BBE1-E00B30144E11}</UniqueIdentifier>
      <Extensions>cpp;c;cxx;moc;h;def;odl;idl;res;</Extensions>
    </Filter>
    <Filter Include="Generated Files">
      <UniqueIdentifier>{71ED8ED8-ACB9-4CE9-BBE1-E00B30144E11}</UniqueIdentifier>
      <Extensions>cpp;c;cxx;moc;h;def;odl;idl;res;</Extensions>
    </Filter>
    <Filter Include="Header Files">
      <UniqueIdentifier>{93995380-89BD-4b04-88EB-625FBE52EBFB}</UniqueIdentifier>
      <Extensions>h;hpp;hxx;hm;inl;inc;xsd</Extensions>
    </Filter>
    <Filter Include="Header Files">
      <UniqueIdentifier>{93995380-89BD-4b04-88EB-625FBE52EBFB}</UniqueIdentifier>
      <Extensions>h;hpp;hxx;hm;inl;inc;xsd</Extensions>
    </Filter>
    <Filter Include="Resource Files">
      <UniqueIdentifier>{D9D6E242-F8AF-46E4-B9FD-80ECBC20BA3E}</UniqueIdentifier>
      <Extensions>qrc;*</Extensions>
      <ParseFiles>false</ParseFiles>
    </Filter>
    <Filter Include="Resource Files">
      <UniqueIdentifier>{D9D6E242-F8AF-46E4-B9FD-80ECBC20BA3E}</UniqueIdentifier>
      <Extensions>qrc;*</Extensions>
      <ParseFiles>false</ParseFiles>
    </Filter>
    <Filter Include="Source Files">
      <UniqueIdentifier>{4FC737F1-C7A5-4376-A066-2A32D752A2FF}</UniqueIdentifier>
      <Extensions>cpp;c;cxx;def;odl;idl;hpj;bat;asm;asmx</Extensions>
    </Filter>
    <Filter Include="Source Files">
      <UniqueIdentifier>{4FC737F1-C7A5-4376-A066-2A32D752A2FF}</UniqueIdentifier>
      <Extensions>cpp;c;cxx;def;odl;idl;hpj;bat;asm;asmx</Extensions>
    </Filter>
  </ItemGroup>
  <ItemGroup>
    <ClCompile Include="edit_quality_factory.cpp">
      <Filter>Source Files</Filter>
    </ClCompile>
    <ClCompile Include="eqhandle.cpp">
      <Filter>Source Files</Filter>
    </ClCompile>
    <ClCompile Include="handle.cpp">
      <Filter>Source Files</Filter>
    </ClCompile>
    <ClCompile Include="common\meshmethods.cpp">
      <Filter>Source Files</Filter>
    </ClCompile>
    <ClCompile Include="qualitymapper.cpp">
      <Filter>Source Files</Filter>
    </ClCompile>
    <ClCompile Include="qualitymapperdialog.cpp">
      <Filter>Source Files</Filter>
    </ClCompile>
    <ClCompile Include="tfhandle.cpp">
      <Filter>Source Files</Filter>
    </ClCompile>
    <ClCompile Include="common\transferfunction.cpp">
      <Filter>Source Files</Filter>
    </ClCompile>
    <ClCompile Include="common\util.cpp">
      <Filter>Source Files</Filter>
    </ClCompile>
  </ItemGroup>
  <ItemGroup>
    <ClInclude Include="common\const_types.h">
      <Filter>Header Files</Filter>
    </ClInclude>
    <QtMoc Include="edit_quality_factory.h">
      <Filter>Header Files</Filter>
    </QtMoc>
    <QtMoc Include="eqhandle.h">
      <Filter>Header Files</Filter>
    </QtMoc>
    <QtMoc Include="handle.h">
      <Filter>Header Files</Filter>
    </QtMoc>
    <ClInclude Include="common\meshmethods.h">
      <Filter>Header Files</Filter>
    </ClInclude>
    <QtMoc Include="qualitymapper.h">
      <Filter>Header Files</Filter>
    </QtMoc>
    <QtMoc Include="qualitymapperdialog.h">
      <Filter>Header Files</Filter>
    </QtMoc>
    <QtMoc Include="tfhandle.h">
      <Filter>Header Files</Filter>
    </QtMoc>
    <ClInclude Include="common\transferfunction.h">
      <Filter>Header Files</Filter>
    </ClInclude>
    <ClInclude Include="common\util.h">
      <Filter>Header Files</Filter>
    </ClInclude>
  </ItemGroup>
  <ItemGroup>
    
    
    
    
    
    
    
    
    
    
    
    
    
    
    <ClInclude Include="ui_qualitymapperdialog.h">
      <Filter>Generated Files</Filter>
    </ClInclude>
  </ItemGroup>
  <ItemGroup>
    <QtUic Include="qualitymapperdialog.ui">
      <Filter>Form Files</Filter>
    </QtUic>
  </ItemGroup>
  <ItemGroup>
    <None Include="images\colorband.png">
      <Filter>Resource Files</Filter>
    </None>
    <None Include="images\opentf.png">
      <Filter>Resource Files</Filter>
    </None>
    <None Include="images\qualitymapper.png">
      <Filter>Resource Files</Filter>
    </None>
    <QtRcc Include="qualitymapper.qrc">
      <Filter>Resource Files</Filter>
    </QtRcc>
  </ItemGroup>
</Project>