<?xml version="1.0" encoding="utf-8"?>
<Project ToolsVersion="4.0" xmlns="http://schemas.microsoft.com/developer/msbuild/2003">
  <ItemGroup>
    <Filter Include="Form Files">
      <UniqueIdentifier>{99349809-55BA-4b9d-BF79-8FDBB0286EB3}</UniqueIdentifier>
      <Extensions>ui</Extensions>
      <ParseFiles>false</ParseFiles>
    </Filter>
    <Filter Include="Form Files">
      <UniqueIdentifier>{99349809-55BA-4b9d-BF79-8FDBB0286EB3}</UniqueIdentifier>
      <Extensions>ui</Extensions>
      <ParseFiles>false</ParseFiles>
    </Filter>
    <Filter Include="Generated Files">
      <UniqueIdentifier>{71ED8ED8-ACB9-4CE9-BBE1-E00B30144E11}</UniqueIdentifier>
      <Extensions>cpp;c;cxx;moc;h;def;odl;idl;res;</Extensions>
    </Filter>
    <Filter Include="Generated Files">
      <UniqueIdentifier>{71ED8ED8-ACB9-4CE9-BBE1-E00B30144E11}</UniqueIdentifier>
      <Extensions>cpp;c;cxx;moc;h;def;odl;idl;res;</Extensions>
    </Filter>
    <Filter Include="Header Files">
      <UniqueIdentifier>{93995380-89BD-4b04-88EB-625FBE52EBFB}</UniqueIdentifier>
      <Extensions>h;hpp;hxx;hm;inl;inc;xsd</Extensions>
    </Filter>
    <Filter Include="Header Files">
      <UniqueIdentifier>{93995380-89BD-4b04-88EB-625FBE52EBFB}</UniqueIdentifier>
      <Extensions>h;hpp;hxx;hm;inl;inc;xsd</Extensions>
    </Filter>
    <Filter Include="Resource Files">
      <UniqueIdentifier>{D9D6E242-F8AF-46E4-B9FD-80ECBC20BA3E}</UniqueIdentifier>
      <Extensions>qrc;*</Extensions>
      <ParseFiles>false</ParseFiles>
    </Filter>
    <Filter Include="Resource Files">
      <UniqueIdentifier>{D9D6E242-F8AF-46E4-B9FD-80ECBC20BA3E}</UniqueIdentifier>
      <Extensions>qrc;*</Extensions>
      <ParseFiles>false</ParseFiles>
    </Filter>
    <Filter Include="Source Files">
      <UniqueIdentifier>{4FC737F1-C7A5-4376-A066-2A32D752A2FF}</UniqueIdentifier>
      <Extensions>cpp;c;cxx;def;odl;idl;hpj;bat;asm;asmx</Extensions>
    </Filter>
    <Filter Include="Source Files">
      <UniqueIdentifier>{4FC737F1-C7A5-4376-A066-2A32D752A2FF}</UniqueIdentifier>
      <Extensions>cpp;c;cxx;def;odl;idl;hpj;bat;asm;asmx</Extensions>
    </Filter>
  </ItemGroup>
  <ItemGroup>
    <ClCompile Include="align\AlignGlobal.cpp">
      <Filter>Source Files</Filter>
    </ClCompile>
    <ClCompile Include="align\AlignPair.cpp">
      <Filter>Source Files</Filter>
    </ClCompile>
    <ClCompile Include="AlignPairDialog.cpp">
      <Filter>Source Files</Filter>
    </ClCompile>
    <ClCompile Include="AlignPairWidget.cpp">
      <Filter>Source Files</Filter>
    </ClCompile>
    <ClCompile Include="align\OccupancyGrid.cpp">
      <Filter>Source Files</Filter>
    </ClCompile>
    <ClCompile Include="alignDialog.cpp">
      <Filter>Source Files</Filter>
    </ClCompile>
    <ClCompile Include="align\align_parameter.cpp">
      <Filter>Source Files</Filter>
    </ClCompile>
    <ClCompile Include="edit_align.cpp">
      <Filter>Source Files</Filter>
    </ClCompile>
    <ClCompile Include="edit_align_factory.cpp">
      <Filter>Source Files</Filter>
    </ClCompile>
    <ClCompile Include="meshtree.cpp">
      <Filter>Source Files</Filter>
    </ClCompile>
    <ClCompile Include="..\..\..\..\vcglib\wrap\ply\plylib.cpp">
      <Filter>Source Files</Filter>
    </ClCompile>
    <ClCompile Include="point_matching_scale.cpp">
      <Filter>Source Files</Filter>
    </ClCompile>
    <ClCompile Include="..\..\meshlab\stdpardialog.cpp">
      <Filter>Source Files</Filter>
    </ClCompile>
    <ClCompile Include="..\..\..\..\vcglib\wrap\gui\trackball.cpp">
      <Filter>Source Files</Filter>
    </ClCompile>
    <ClCompile Include="..\..\..\..\vcglib\wrap\gui\trackmode.cpp">
      <Filter>Source Files</Filter>
    </ClCompile>
  </ItemGroup>
  <ItemGroup>
    <ClInclude Include="align\AlignGlobal.h">
      <Filter>Header Files</Filter>
    </ClInclude>
    <ClInclude Include="align\AlignPair.h">
      <Filter>Header Files</Filter>
    </ClInclude>
    <QtMoc Include="AlignPairDialog.h">
      <Filter>Header Files</Filter>
    </QtMoc>
    <QtMoc Include="AlignPairWidget.h">
      <Filter>Header Files</Filter>
    </QtMoc>
    <ClInclude Include="align\OccupancyGrid.h">
      <Filter>Header Files</Filter>
    </ClInclude>
    <QtMoc Include="alignDialog.h">
      <Filter>Header Files</Filter>
    </QtMoc>
    <ClInclude Include="align\align_parameter.h">
      <Filter>Header Files</Filter>
    </ClInclude>
    <QtMoc Include="edit_align.h">
      <Filter>Header Files</Filter>
    </QtMoc>
    <QtMoc Include="edit_align_factory.h">
      <Filter>Header Files</Filter>
    </QtMoc>
    <ClInclude Include="meshtree.h">
      <Filter>Header Files</Filter>
    </ClInclude>
    <QtMoc Include="..\..\meshlab\stdpardialog.h">
      <Filter>Header Files</Filter>
    </QtMoc>
    <ClInclude Include="..\..\..\..\vcglib\wrap\gui\trackball.h">
      <Filter>Header Files</Filter>
    </ClInclude>
    <ClInclude Include="..\..\..\..\vcglib\wrap\gui\trackmode.h">
      <Filter>Header Files</Filter>
    </ClInclude>
    <ClInclude Include="..\..\..\..\vcglib\wrap\gl\trimesh.h">
      <Filter>Header Files</Filter>
    </ClInclude>
  </ItemGroup>
  <ItemGroup>
    
    
    
    
    
    
    
    
    
    
    
    
    
    
    <ClInclude Include="ui_alignDialog.h">
      <Filter>Generated Files</Filter>
    </ClInclude>
  </ItemGroup>
  <ItemGroup>
    <QtUic Include="alignDialog.ui">
      <Filter>Form Files</Filter>
    </QtUic>
  </ItemGroup>
  <ItemGroup>
    <None Include="images\cur_align.png">
      <Filter>Resource Files</Filter>
    </None>
    <QtRcc Include="edit_align.qrc">
      <Filter>Resource Files</Filter>
    </QtRcc>
    <None Include="images\icon_align.png">
      <Filter>Resource Files</Filter>
    </None>
    <None Include="..\..\meshlab\images\layer_eye_close.png">
      <Filter>Resource Files</Filter>
    </None>
    <None Include="..\..\meshlab\images\layer_eye_open.png">
      <Filter>Resource Files</Filter>
    </None>
  </ItemGroup>
</Project>