<?xml version="1.0" encoding="utf-8"?>
<Project ToolsVersion="4.0" xmlns="http://schemas.microsoft.com/developer/msbuild/2003">
  <ItemGroup>
    <Filter Include="Generated Files">
      <UniqueIdentifier>{71ED8ED8-ACB9-4CE9-BBE1-E00B30144E11}</UniqueIdentifier>
      <Extensions>cpp;c;cxx;moc;h;def;odl;idl;res;</Extensions>
    </Filter>
    <Filter Include="Generated Files">
      <UniqueIdentifier>{71ED8ED8-ACB9-4CE9-BBE1-E00B30144E11}</UniqueIdentifier>
      <Extensions>cpp;c;cxx;moc;h;def;odl;idl;res;</Extensions>
    </Filter>
    <Filter Include="Header Files">
      <UniqueIdentifier>{93995380-89BD-4b04-88EB-625FBE52EBFB}</UniqueIdentifier>
      <Extensions>h;hpp;hxx;hm;inl;inc;xsd</Extensions>
    </Filter>
    <Filter Include="Header Files">
      <UniqueIdentifier>{93995380-89BD-4b04-88EB-625FBE52EBFB}</UniqueIdentifier>
      <Extensions>h;hpp;hxx;hm;inl;inc;xsd</Extensions>
    </Filter>
    <Filter Include="Resource Files">
      <UniqueIdentifier>{D9D6E242-F8AF-46E4-B9FD-80ECBC20BA3E}</UniqueIdentifier>
      <Extensions>qrc;*</Extensions>
      <ParseFiles>false</ParseFiles>
    </Filter>
    <Filter Include="Resource Files">
      <UniqueIdentifier>{D9D6E242-F8AF-46E4-B9FD-80ECBC20BA3E}</UniqueIdentifier>
      <Extensions>qrc;*</Extensions>
      <ParseFiles>false</ParseFiles>
    </Filter>
    <Filter Include="Source Files">
      <UniqueIdentifier>{4FC737F1-C7A5-4376-A066-2A32D752A2FF}</UniqueIdentifier>
      <Extensions>cpp;c;cxx;def;odl;idl;hpj;bat;asm;asmx</Extensions>
    </Filter>
    <Filter Include="Source Files">
      <UniqueIdentifier>{4FC737F1-C7A5-4376-A066-2A32D752A2FF}</UniqueIdentifier>
      <Extensions>cpp;c;cxx;def;odl;idl;hpj;bat;asm;asmx</Extensions>
    </Filter>
  </ItemGroup>
  <ItemGroup>
    <ClCompile Include="edit_select.cpp">
      <Filter>Source Files</Filter>
    </ClCompile>
    <ClCompile Include="edit_select_factory.cpp">
      <Filter>Source Files</Filter>
    </ClCompile>
    <ClCompile Include="..\..\meshlab\ml_selection_buffers.cpp">
      <Filter>Source Files</Filter>
    </ClCompile>
  </ItemGroup>
  <ItemGroup>
    <QtMoc Include="edit_select.h">
      <Filter>Header Files</Filter>
    </QtMoc>
    <QtMoc Include="edit_select_factory.h">
      <Filter>Header Files</Filter>
    </QtMoc>
  </ItemGroup>
  <ItemGroup>
    
    
    
    
    
    
  </ItemGroup>
  <ItemGroup>
    <QtRcc Include="edit_select.qrc">
      <Filter>Resource Files</Filter>
    </QtRcc>
    <None Include="images\sel_area.png">
      <Filter>Resource Files</Filter>
    </None>
    <None Include="images\sel_rect.png">
      <Filter>Resource Files</Filter>
    </None>
    <None Include="images\sel_rect_eye.png">
      <Filter>Resource Files</Filter>
    </None>
    <None Include="images\sel_rect_minus.png">
      <Filter>Resource Files</Filter>
    </None>
    <None Include="images\sel_rect_minus_eye.png">
      <Filter>Resource Files</Filter>
    </None>
    <None Include="images\sel_rect_plus.png">
      <Filter>Resource Files</Filter>
    </None>
    <None Include="images\sel_rect_plus_eye.png">
      <Filter>Resource Files</Filter>
    </None>
    <None Include="images\select_area.png">
      <Filter>Resource Files</Filter>
    </None>
    <None Include="images\select_face.png">
      <Filter>Resource Files</Filter>
    </None>
    <None Include="images\select_face_connected.png">
      <Filter>Resource Files</Filter>
    </None>
    <None Include="images\select_vertex.png">
      <Filter>Resource Files</Filter>
    </None>
  </ItemGroup>
</Project>