<?xml version="1.0" encoding="utf-8"?>
<Project ToolsVersion="4.0" xmlns="http://schemas.microsoft.com/developer/msbuild/2003">
  <ItemGroup>
    <Filter Include="Generated Files">
      <UniqueIdentifier>{71ED8ED8-ACB9-4CE9-BBE1-E00B30144E11}</UniqueIdentifier>
      <Extensions>cpp;c;cxx;moc;h;def;odl;idl;res;</Extensions>
    </Filter>
    <Filter Include="Generated Files">
      <UniqueIdentifier>{71ED8ED8-ACB9-4CE9-BBE1-E00B30144E11}</UniqueIdentifier>
      <Extensions>cpp;c;cxx;moc;h;def;odl;idl;res;</Extensions>
    </Filter>
    <Filter Include="Header Files">
      <UniqueIdentifier>{93995380-89BD-4b04-88EB-625FBE52EBFB}</UniqueIdentifier>
      <Extensions>h;hpp;hxx;hm;inl;inc;xsd</Extensions>
    </Filter>
    <Filter Include="Header Files">
      <UniqueIdentifier>{93995380-89BD-4b04-88EB-625FBE52EBFB}</UniqueIdentifier>
      <Extensions>h;hpp;hxx;hm;inl;inc;xsd</Extensions>
    </Filter>
    <Filter Include="Source Files">
      <UniqueIdentifier>{4FC737F1-C7A5-4376-A066-2A32D752A2FF}</UniqueIdentifier>
      <Extensions>cpp;c;cxx;def;odl;idl;hpj;bat;asm;asmx</Extensions>
    </Filter>
    <Filter Include="Source Files">
      <UniqueIdentifier>{4FC737F1-C7A5-4376-A066-2A32D752A2FF}</UniqueIdentifier>
      <Extensions>cpp;c;cxx;def;odl;idl;hpj;bat;asm;asmx</Extensions>
    </Filter>
  </ItemGroup>
  <ItemGroup>
    <ClCompile Include="filter_isoparametrization.cpp">
      <Filter>Source Files</Filter>
    </ClCompile>
  </ItemGroup>
  <ItemGroup>
    <ClInclude Include="defines.h">
      <Filter>Header Files</Filter>
    </ClInclude>
    <ClInclude Include="diam_parametrization.h">
      <Filter>Header Files</Filter>
    </ClInclude>
    <ClInclude Include="diam_topology.h">
      <Filter>Header Files</Filter>
    </ClInclude>
    <ClInclude Include="diamond_sampler.h">
      <Filter>Header Files</Filter>
    </ClInclude>
    <ClInclude Include="dual_coord_optimization.h">
      <Filter>Header Files</Filter>
    </ClInclude>
    <QtMoc Include="filter_isoparametrization.h">
      <Filter>Header Files</Filter>
    </QtMoc>
    <ClInclude Include="iso_parametrization.h">
      <Filter>Header Files</Filter>
    </ClInclude>
    <ClInclude Include="local_optimization.h">
      <Filter>Header Files</Filter>
    </ClInclude>
    <ClInclude Include="local_parametrization.h">
      <Filter>Header Files</Filter>
    </ClInclude>
    <ClInclude Include="mesh_operators.h">
      <Filter>Header Files</Filter>
    </ClInclude>
    <ClInclude Include="opt_patch.h">
      <Filter>Header Files</Filter>
    </ClInclude>
    <ClInclude Include="param_collapse.h">
      <Filter>Header Files</Filter>
    </ClInclude>
    <ClInclude Include="param_flip.h">
      <Filter>Header Files</Filter>
    </ClInclude>
    <ClInclude Include="param_mesh.h">
      <Filter>Header Files</Filter>
    </ClInclude>
    <ClInclude Include="parametrizator.h">
      <Filter>Header Files</Filter>
    </ClInclude>
    <ClInclude Include="stat_remeshing.h">
      <Filter>Header Files</Filter>
    </ClInclude>
    <ClInclude Include="statistics.h">
      <Filter>Header Files</Filter>
    </ClInclude>
    <ClInclude Include="texcoord_optimization.h">
      <Filter>Header Files</Filter>
    </ClInclude>
    <ClInclude Include="uv_grid.h">
      <Filter>Header Files</Filter>
    </ClInclude>
  </ItemGroup>
  <ItemGroup>
    
    
  </ItemGroup>
</Project>