<?xml version="1.0" encoding="utf-8"?>
<Project ToolsVersion="4.0" xmlns="http://schemas.microsoft.com/developer/msbuild/2003">
  <ItemGroup>
    <Filter Include="Generated Files">
      <UniqueIdentifier>{71ED8ED8-ACB9-4CE9-BBE1-E00B30144E11}</UniqueIdentifier>
      <Extensions>cpp;c;cxx;moc;h;def;odl;idl;res;</Extensions>
    </Filter>
    <Filter Include="Generated Files">
      <UniqueIdentifier>{71ED8ED8-ACB9-4CE9-BBE1-E00B30144E11}</UniqueIdentifier>
      <Extensions>cpp;c;cxx;moc;h;def;odl;idl;res;</Extensions>
    </Filter>
    <Filter Include="Header Files">
      <UniqueIdentifier>{93995380-89BD-4b04-88EB-625FBE52EBFB}</UniqueIdentifier>
      <Extensions>h;hpp;hxx;hm;inl;inc;xsd</Extensions>
    </Filter>
    <Filter Include="Header Files">
      <UniqueIdentifier>{93995380-89BD-4b04-88EB-625FBE52EBFB}</UniqueIdentifier>
      <Extensions>h;hpp;hxx;hm;inl;inc;xsd</Extensions>
    </Filter>
    <Filter Include="Source Files">
      <UniqueIdentifier>{4FC737F1-C7A5-4376-A066-2A32D752A2FF}</UniqueIdentifier>
      <Extensions>cpp;c;cxx;def;odl;idl;hpj;bat;asm;asmx</Extensions>
    </Filter>
    <Filter Include="Source Files">
      <UniqueIdentifier>{4FC737F1-C7A5-4376-A066-2A32D752A2FF}</UniqueIdentifier>
      <Extensions>cpp;c;cxx;def;odl;idl;hpj;bat;asm;asmx</Extensions>
    </Filter>
  </ItemGroup>
  <ItemGroup>
    <ClCompile Include="GLLogStream.cpp">
      <Filter>Source Files</Filter>
    </ClCompile>
    <ClCompile Include="filterparameter.cpp">
      <Filter>Source Files</Filter>
    </ClCompile>
    <ClCompile Include="filterscript.cpp">
      <Filter>Source Files</Filter>
    </ClCompile>
    <ClCompile Include="..\external\glew-2.1.0\src\glew.c">
      <Filter>Source Files</Filter>
    </ClCompile>
    <ClCompile Include="interfaces.cpp">
      <Filter>Source Files</Filter>
    </ClCompile>
    <ClCompile Include="meshlabdocumentbundler.cpp">
      <Filter>Source Files</Filter>
    </ClCompile>
    <ClCompile Include="meshlabdocumentxml.cpp">
      <Filter>Source Files</Filter>
    </ClCompile>
    <ClCompile Include="meshmodel.cpp">
      <Filter>Source Files</Filter>
    </ClCompile>
    <ClCompile Include="ml_shared_data_context.cpp">
      <Filter>Source Files</Filter>
    </ClCompile>
    <ClCompile Include="mlapplication.cpp">
      <Filter>Source Files</Filter>
    </ClCompile>
    <ClCompile Include="pluginmanager.cpp">
      <Filter>Source Files</Filter>
    </ClCompile>
    <ClCompile Include="scriptinterface.cpp">
      <Filter>Source Files</Filter>
    </ClCompile>
    <ClCompile Include="scriptsyntax.cpp">
      <Filter>Source Files</Filter>
    </ClCompile>
    <ClCompile Include="searcher.cpp">
      <Filter>Source Files</Filter>
    </ClCompile>
    <ClCompile Include="xmlfilterinfo.cpp">
      <Filter>Source Files</Filter>
    </ClCompile>
  </ItemGroup>
  <ItemGroup>
    <QtMoc Include="GLLogStream.h">
      <Filter>Header Files</Filter>
    </QtMoc>
    <ClInclude Include="filterparameter.h">
      <Filter>Header Files</Filter>
    </ClInclude>
    <QtMoc Include="filterscript.h">
      <Filter>Header Files</Filter>
    </QtMoc>
    <QtMoc Include="interfaces.h">
      <Filter>Header Files</Filter>
    </QtMoc>
    <ClInclude Include="meshlabdocumentxml.h">
      <Filter>Header Files</Filter>
    </ClInclude>
    <QtMoc Include="meshmodel.h">
      <Filter>Header Files</Filter>
    </QtMoc>
    <ClInclude Include="ml_mesh_type.h">
      <Filter>Header Files</Filter>
    </ClInclude>
    <QtMoc Include="ml_shared_data_context.h">
      <Filter>Header Files</Filter>
    </QtMoc>
    <ClInclude Include="mlapplication.h">
      <Filter>Header Files</Filter>
    </ClInclude>
    <ClInclude Include="mlexception.h">
      <Filter>Header Files</Filter>
    </ClInclude>
    <ClInclude Include="pluginmanager.h">
      <Filter>Header Files</Filter>
    </ClInclude>
    <QtMoc Include="scriptinterface.h">
      <Filter>Header Files</Filter>
    </QtMoc>
    <QtMoc Include="scriptsyntax.h">
      <Filter>Header Files</Filter>
    </QtMoc>
    <ClInclude Include="xmlfilterinfo.h">
      <Filter>Header Files</Filter>
    </ClInclude>
  </ItemGroup>
  <ItemGroup>
    
    
    
    
    
    
    
    
    
    
    
    
    
    
  </ItemGroup>
</Project>